
Microsoft Visual Studio Solution File, Format Version 12.00
# Visual Studio Version 16
VisualStudioVersion = 16.0.32126.315
MinimumVisualStudioVersion = 10.0.40219.1
Project("{FAE04EC0-301F-11D3-BF4B-00C04F79EFBC}") = "InterfaceKullanimi", "InterfaceKullanimi.csproj", "{C3371A49-3429-4C58-899F-A79AD883F295}"
EndProject
Project("{FAE04EC0-301F-11D3-BF4B-00C04F79EFBC}") = "CokBicimlilik", "..\CokBicimlilik\CokBicimlilik.csproj", "{AC97D318-B4C6-4585-A0FE-48874C27AED6}"
EndProject
Global
	GlobalSection(SolutionConfigurationPlatforms) = preSolution
		Debug|Any CPU = Debug|Any CPU
		Release|Any CPU = Release|Any CPU
	EndGlobalSection
	GlobalSection(ProjectConfigurationPlatforms) = postSolution
		{C3371A49-3429-4C58-899F-A79AD883F295}.Debug|Any CPU.ActiveCfg = Debug|Any CPU
		{C3371A49-3429-4C58-899F-A79AD883F295}.Debug|Any CPU.Build.0 = Debug|Any CPU
		{C3371A49-3429-4C58-899F-A79AD883F295}.Release|Any CPU.ActiveCfg = Release|Any CPU
		{C3371A49-3429-4C58-899F-A79AD883F295}.Release|Any CPU.Build.0 = Release|Any CPU
		{AC97D318-B4C6-4585-A0FE-48874C27AED6}.Debug|Any CPU.ActiveCfg = Debug|Any CPU
		{AC97D318-B4C6-4585-A0FE-48874C27AED6}.Debug|Any CPU.Build.0 = Debug|Any CPU
		{AC97D318-B4C6-4585-A0FE-48874C27AED6}.Release|Any CPU.ActiveCfg = Release|Any CPU
		{AC97D318-B4C6-4585-A0FE-48874C27AED6}.Release|Any CPU.Build.0 = Release|Any CPU
	EndGlobalSection
	GlobalSection(SolutionProperties) = preSolution
		HideSolutionNode = FALSE
	EndGlobalSection
	GlobalSection(ExtensibilityGlobals) = postSolution
		SolutionGuid = {2C002DE4-1A98-4E6F-BB76-6990A14D5AFD}
	EndGlobalSection
EndGlobal
